
Microsoft Visual Studio Solution File, Format Version 12.00
# Visual Studio 15
VisualStudioVersion = 15.0.28307.329
MinimumVisualStudioVersion = 10.0.40219.1
Project("{9A19103F-16F7-4668-BE54-9A1E7A4F7556}") = "Auth", "Auth\Auth.csproj", "{72019C50-C5E2-4B75-B776-D5DBFF1A37E4}"
EndProject
Project("{FAE04EC0-301F-11D3-BF4B-00C04F79EFBC}") = "Auth.Core", "Auth.Core\Auth.Core.csproj", "{11E4286C-3FB1-4E78-9CA3-A246300FF68B}"
EndProject
Project("{FAE04EC0-301F-11D3-BF4B-00C04F79EFBC}") = "Auth.Api", "Auth.Api\Auth.Api.csproj", "{3BC71D71-3307-46BF-A91F-EB1D353B026D}"
EndProject
Global
	GlobalSection(SolutionConfigurationPlatforms) = preSolution
		Debug|Any CPU = Debug|Any CPU
		Release|Any CPU = Release|Any CPU
	EndGlobalSection
	GlobalSection(ProjectConfigurationPlatforms) = postSolution
		{72019C50-C5E2-4B75-B776-D5DBFF1A37E4}.Debug|Any CPU.ActiveCfg = Debug|Any CPU
		{72019C50-C5E2-4B75-B776-D5DBFF1A37E4}.Debug|Any CPU.Build.0 = Debug|Any CPU
		{72019C50-C5E2-4B75-B776-D5DBFF1A37E4}.Release|Any CPU.ActiveCfg = Release|Any CPU
		{72019C50-C5E2-4B75-B776-D5DBFF1A37E4}.Release|Any CPU.Build.0 = Release|Any CPU
		{11E4286C-3FB1-4E78-9CA3-A246300FF68B}.Debug|Any CPU.ActiveCfg = Debug|Any CPU
		{11E4286C-3FB1-4E78-9CA3-A246300FF68B}.Debug|Any CPU.Build.0 = Debug|Any CPU
		{11E4286C-3FB1-4E78-9CA3-A246300FF68B}.Release|Any CPU.ActiveCfg = Release|Any CPU
		{11E4286C-3FB1-4E78-9CA3-A246300FF68B}.Release|Any CPU.Build.0 = Release|Any CPU
		{3BC71D71-3307-46BF-A91F-EB1D353B026D}.Debug|Any CPU.ActiveCfg = Debug|Any CPU
		{3BC71D71-3307-46BF-A91F-EB1D353B026D}.Debug|Any CPU.Build.0 = Debug|Any CPU
		{3BC71D71-3307-46BF-A91F-EB1D353B026D}.Release|Any CPU.ActiveCfg = Release|Any CPU
		{3BC71D71-3307-46BF-A91F-EB1D353B026D}.Release|Any CPU.Build.0 = Release|Any CPU
	EndGlobalSection
	GlobalSection(SolutionProperties) = preSolution
		HideSolutionNode = FALSE
	EndGlobalSection
	GlobalSection(ExtensibilityGlobals) = postSolution
		SolutionGuid = {AD010369-0A8D-440B-8044-27C3057144F5}
	EndGlobalSection
EndGlobal
